// !$*UTF8*$!
{
	archiveVersion = 1;
	classes = {
	};
	objectVersion = 50;
	objects = {

/* Begin PBXBuildFile section */
		04278D552522DDA000F39CC6 /* AppDelegate.swift in Sources */ = {isa = PBXBuildFile; fileRef = 04278D542522DDA000F39CC6 /* AppDelegate.swift */; };
		04278D572522DDA000F39CC6 /* SceneDelegate.swift in Sources */ = {isa = PBXBuildFile; fileRef = 04278D562522DDA000F39CC6 /* SceneDelegate.swift */; };
		04278D592522DDA000F39CC6 /* ViewController.swift in Sources */ = {isa = PBXBuildFile; fileRef = 04278D582522DDA000F39CC6 /* ViewController.swift */; };
		04278D5C2522DDA000F39CC6 /* Main.storyboard in Resources */ = {isa = PBXBuildFile; fileRef = 04278D5A2522DDA000F39CC6 /* Main.storyboard */; };
		04278D5E2522DDA100F39CC6 /* Assets.xcassets in Resources */ = {isa = PBXBuildFile; fileRef = 04278D5D2522DDA100F39CC6 /* Assets.xcassets */; };
		04278D612522DDA100F39CC6 /* LaunchScreen.storyboard in Resources */ = {isa = PBXBuildFile; fileRef = 04278D5F2522DDA100F39CC6 /* LaunchScreen.storyboard */; };
		043B6C272522DE6100657071 /* FilterVC.swift in Sources */ = {isa = PBXBuildFile; fileRef = 043B6C262522DE6100657071 /* FilterVC.swift */; };
		043B6C292522DF9800657071 /* BottomBobupDelegate.swift in Sources */ = {isa = PBXBuildFile; fileRef = 043B6C282522DF9800657071 /* BottomBobupDelegate.swift */; };
		D4F5D35527E564072873DDFB /* Pods_FilterBottomPopup.framework in Frameworks */ = {isa = PBXBuildFile; fileRef = 4AE8178C01E00CE190F9F4F6 /* Pods_FilterBottomPopup.framework */; };
/* End PBXBuildFile section */

/* Begin PBXFileReference section */
		04278D512522DDA000F39CC6 /* FilterBottomPopup.app */ = {isa = PBXFileReference; explicitFileType = wrapper.application; includeInIndex = 0; path = FilterBottomPopup.app; sourceTree = BUILT_PRODUCTS_DIR; };
		04278D542522DDA000F39CC6 /* AppDelegate.swift */ = {isa = PBXFileReference; lastKnownFileType = sourcecode.swift; path = AppDelegate.swift; sourceTree = "<group>"; };
		04278D562522DDA000F39CC6 /* SceneDelegate.swift */ = {isa = PBXFileReference; lastKnownFileType = sourcecode.swift; path = SceneDelegate.swift; sourceTree = "<group>"; };
		04278D582522DDA000F39CC6 /* ViewController.swift */ = {isa = PBXFileReference; lastKnownFileType = sourcecode.swift; path = ViewController.swift; sourceTree = "<group>"; };
		04278D5B2522DDA000F39CC6 /* Base */ = {isa = PBXFileReference; lastKnownFileType = file.storyboard; name = Base; path = Base.lproj/Main.storyboard; sourceTree = "<group>"; };
		04278D5D2522DDA100F39CC6 /* Assets.xcassets */ = {isa = PBXFileReference; lastKnownFileType = folder.assetcatalog; path = Assets.xcassets; sourceTree = "<group>"; };
		04278D602522DDA100F39CC6 /* Base */ = {isa = PBXFileReference; lastKnownFileType = file.storyboard; name = Base; path = Base.lproj/LaunchScreen.storyboard; sourceTree = "<group>"; };
		04278D622522DDA100F39CC6 /* Info.plist */ = {isa = PBXFileReference; lastKnownFileType = text.plist.xml; path = Info.plist; sourceTree = "<group>"; };
		043B6C262522DE6100657071 /* FilterVC.swift */ = {isa = PBXFileReference; fileEncoding = 4; lastKnownFileType = sourcecode.swift; path = FilterVC.swift; sourceTree = "<group>"; };
		043B6C282522DF9800657071 /* BottomBobupDelegate.swift */ = {isa = PBXFileReference; fileEncoding = 4; lastKnownFileType = sourcecode.swift; path = BottomBobupDelegate.swift; sourceTree = "<group>"; };
		2CF8F9EB1C5966AB4A19C769 /* Pods-FilterBottomPopup.debug.xcconfig */ = {isa = PBXFileReference; includeInIndex = 1; lastKnownFileType = text.xcconfig; name = "Pods-FilterBottomPopup.debug.xcconfig"; path = "Pods/Target Support Files/Pods-FilterBottomPopup/Pods-FilterBottomPopup.debug.xcconfig"; sourceTree = "<group>"; };
		4AE8178C01E00CE190F9F4F6 /* Pods_FilterBottomPopup.framework */ = {isa = PBXFileReference; explicitFileType = wrapper.framework; includeInIndex = 0; path = Pods_FilterBottomPopup.framework; sourceTree = BUILT_PRODUCTS_DIR; };
		E69C5B03A7D0CD865FA765B4 /* Pods-FilterBottomPopup.release.xcconfig */ = {isa = PBXFileReference; includeInIndex = 1; lastKnownFileType = text.xcconfig; name = "Pods-FilterBottomPopup.release.xcconfig"; path = "Pods/Target Support Files/Pods-FilterBottomPopup/Pods-FilterBottomPopup.release.xcconfig"; sourceTree = "<group>"; };
/* End PBXFileReference section */

/* Begin PBXFrameworksBuildPhase section */
		04278D4E2522DDA000F39CC6 /* Frameworks */ = {
			isa = PBXFrameworksBuildPhase;
			buildActionMask = 2147483647;
			files = (
				D4F5D35527E564072873DDFB /* Pods_FilterBottomPopup.framework in Frameworks */,
			);
			runOnlyForDeploymentPostprocessing = 0;
		};
/* End PBXFrameworksBuildPhase section */

/* Begin PBXGroup section */
		04278D482522DDA000F39CC6 = {
			isa = PBXGroup;
			children = (
				04278D532522DDA000F39CC6 /* FilterBottomPopup */,
				04278D522522DDA000F39CC6 /* Products */,
				8090CFF3E41527DB4CB796E4 /* Pods */,
				0C99E301AAE82AAF3A7DFE0C /* Frameworks */,
			);
			sourceTree = "<group>";
		};
		04278D522522DDA000F39CC6 /* Products */ = {
			isa = PBXGroup;
			children = (
				04278D512522DDA000F39CC6 /* FilterBottomPopup.app */,
			);
			name = Products;
			sourceTree = "<group>";
		};
		04278D532522DDA000F39CC6 /* FilterBottomPopup */ = {
			isa = PBXGroup;
			children = (
				04278D542522DDA000F39CC6 /* AppDelegate.swift */,
				04278D562522DDA000F39CC6 /* SceneDelegate.swift */,
				04278D582522DDA000F39CC6 /* ViewController.swift */,
				043B6C262522DE6100657071 /* FilterVC.swift */,
				043B6C282522DF9800657071 /* BottomBobupDelegate.swift */,
				04278D5A2522DDA000F39CC6 /* Main.storyboard */,
				04278D5D2522DDA100F39CC6 /* Assets.xcassets */,
				04278D5F2522DDA100F39CC6 /* LaunchScreen.storyboard */,
				04278D622522DDA100F39CC6 /* Info.plist */,
			);
			path = FilterBottomPopup;
			sourceTree = "<group>";
		};
		0C99E301AAE82AAF3A7DFE0C /* Frameworks */ = {
			isa = PBXGroup;
			children = (
				4AE8178C01E00CE190F9F4F6 /* Pods_FilterBottomPopup.framework */,
			);
			name = Frameworks;
			sourceTree = "<group>";
		};
		8090CFF3E41527DB4CB796E4 /* Pods */ = {
			isa = PBXGroup;
			children = (
				2CF8F9EB1C5966AB4A19C769 /* Pods-FilterBottomPopup.debug.xcconfig */,
				E69C5B03A7D0CD865FA765B4 /* Pods-FilterBottomPopup.release.xcconfig */,
			);
			name = Pods;
			sourceTree = "<group>";
		};
/* End PBXGroup section */

/* Begin PBXNativeTarget section */
		04278D502522DDA000F39CC6 /* FilterBottomPopup */ = {
			isa = PBXNativeTarget;
			buildConfigurationList = 04278D652522DDA100F39CC6 /* Build configuration list for PBXNativeTarget "FilterBottomPopup" */;
			buildPhases = (
				077EEE22ECD12B78CD667FB6 /* [CP] Check Pods Manifest.lock */,
				04278D4D2522DDA000F39CC6 /* Sources */,
				04278D4E2522DDA000F39CC6 /* Frameworks */,
				04278D4F2522DDA000F39CC6 /* Resources */,
				9E794828DA3EF889A7657BA0 /* [CP] Embed Pods Frameworks */,
			);
			buildRules = (
			);
			dependencies = (
			);
			name = FilterBottomPopup;
			productName = FilterBottomPopup;
			productReference = 04278D512522DDA000F39CC6 /* FilterBottomPopup.app */;
			productType = "com.apple.product-type.application";
		};
/* End PBXNativeTarget section */

/* Begin PBXProject section */
		04278D492522DDA000F39CC6 /* Project object */ = {
			isa = PBXProject;
			attributes = {
				LastSwiftUpdateCheck = 1150;
				LastUpgradeCheck = 1150;
				ORGANIZATIONNAME = "Ahmed kamal";
				TargetAttributes = {
					04278D502522DDA000F39CC6 = {
						CreatedOnToolsVersion = 11.5;
					};
				};
			};
			buildConfigurationList = 04278D4C2522DDA000F39CC6 /* Build configuration list for PBXProject "FilterBottomPopup" */;
			compatibilityVersion = "Xcode 9.3";
			developmentRegion = en;
			hasScannedForEncodings = 0;
			knownRegions = (
				en,
				Base,
			);
			mainGroup = 04278D482522DDA000F39CC6;
			productRefGroup = 04278D522522DDA000F39CC6 /* Products */;
			projectDirPath = "";
			projectRoot = "";
			targets = (
				04278D502522DDA000F39CC6 /* FilterBottomPopup */,
			);
		};
/* End PBXProject section */

/* Begin PBXResourcesBuildPhase section */
		04278D4F2522DDA000F39CC6 /* Resources */ = {
			isa = PBXResourcesBuildPhase;
			buildActionMask = 2147483647;
			files = (
				04278D612522DDA100F39CC6 /* LaunchScreen.storyboard in Resources */,
				04278D5E2522DDA100F39CC6 /* Assets.xcassets in Resources */,
				04278D5C2522DDA000F39CC6 /* Main.storyboard in Resources */,
			);
			runOnlyForDeploymentPostprocessing = 0;
		};
/* End PBXResourcesBuildPhase section */

/* Begin PBXShellScriptBuildPhase section */
		077EEE22ECD12B78CD667FB6 /* [CP] Check Pods Manifest.lock */ = {
			isa = PBXShellScriptBuildPhase;
			buildActionMask = 2147483647;
			files = (
			);
			inputPaths = (
				"${PODS_PODFILE_DIR_PATH}/Podfile.lock",
				"${PODS_ROOT}/Manifest.lock",
			);
			name = "[CP] Check Pods Manifest.lock";
			outputPaths = (
				"$(DERIVED_FILE_DIR)/Pods-FilterBottomPopup-checkManifestLockResult.txt",
			);
			runOnlyForDeploymentPostprocessing = 0;
			shellPath = /bin/sh;
			shellScript = "diff \"${PODS_PODFILE_DIR_PATH}/Podfile.lock\" \"${PODS_ROOT}/Manifest.lock\" > /dev/null\nif [ $? != 0 ] ; then\n    # print error to STDERR\n    echo \"error: The sandbox is not in sync with the Podfile.lock. Run 'pod install' or update your CocoaPods installation.\" >&2\n    exit 1\nfi\n# This output is used by Xcode 'outputs' to avoid re-running this script phase.\necho \"SUCCESS\" > \"${SCRIPT_OUTPUT_FILE_0}\"\n";
			showEnvVarsInLog = 0;
		};
		9E794828DA3EF889A7657BA0 /* [CP] Embed Pods Frameworks */ = {
			isa = PBXShellScriptBuildPhase;
			buildActionMask = 2147483647;
			files = (
			);
			inputPaths = (
				"${SRCROOT}/Pods/Target Support Files/Pods-FilterBottomPopup/Pods-FilterBottomPopup-frameworks.sh",
				"${BUILT_PRODUCTS_DIR}/BottomPopup/BottomPopup.framework",
			);
			name = "[CP] Embed Pods Frameworks";
			outputPaths = (
				"${TARGET_BUILD_DIR}/${FRAMEWORKS_FOLDER_PATH}/BottomPopup.framework",
			);
			runOnlyForDeploymentPostprocessing = 0;
			shellPath = /bin/sh;
			shellScript = "\"${SRCROOT}/Pods/Target Support Files/Pods-FilterBottomPopup/Pods-FilterBottomPopup-frameworks.sh\"\n";
			showEnvVarsInLog = 0;
		};
/* End PBXShellScriptBuildPhase section */

/* Begin PBXSourcesBuildPhase section */
		04278D4D2522DDA000F39CC6 /* Sources */ = {
			isa = PBXSourcesBuildPhase;
			buildActionMask = 2147483647;
			files = (
				043B6C272522DE6100657071 /* FilterVC.swift in Sources */,
				043B6C292522DF9800657071 /* BottomBobupDelegate.swift in Sources */,
				04278D592522DDA000F39CC6 /* ViewController.swift in Sources */,
				04278D552522DDA000F39CC6 /* AppDelegate.swift in Sources */,
				04278D572522DDA000F39CC6 /* SceneDelegate.swift in Sources */,
			);
			runOnlyForDeploymentPostprocessing = 0;
		};
/* End PBXSourcesBuildPhase section */

/* Begin PBXVariantGroup section */
		04278D5A2522DDA000F39CC6 /* Main.storyboard */ = {
			isa = PBXVariantGroup;
			children = (
				04278D5B2522DDA000F39CC6 /* Base */,
			);
			name = Main.storyboard;
			sourceTree = "<group>";
		};
		04278D5F2522DDA100F39CC6 /* LaunchScreen.storyboard */ = {
			isa = PBXVariantGroup;
			children = (
				04278D602522DDA100F39CC6 /* Base */,
			);
			name = LaunchScreen.storyboard;
			sourceTree = "<group>";
		};
/* End PBXVariantGroup section */

/* Begin XCBuildConfiguration section */
		04278D632522DDA100F39CC6 /* Debug */ = {
			isa = XCBuildConfiguration;
			buildSettings = {
				ALWAYS_SEARCH_USER_PATHS = NO;
				CLANG_ANALYZER_NONNULL = YES;
				CLANG_ANALYZER_NUMBER_OBJECT_CONVERSION = YES_AGGRESSIVE;
				CLANG_CXX_LANGUAGE_STANDARD = "gnu++14";
				CLANG_CXX_LIBRARY = "libc++";
				CLANG_ENABLE_MODULES = YES;
				CLANG_ENABLE_OBJC_ARC = YES;
				CLANG_ENABLE_OBJC_WEAK = YES;
				CLANG_WARN_BLOCK_CAPTURE_AUTORELEASING = YES;
				CLANG_WARN_BOOL_CONVERSION = YES;
				CLANG_WARN_COMMA = YES;
				CLANG_WARN_CONSTANT_CONVERSION = YES;
				CLANG_WARN_DEPRECATED_OBJC_IMPLEMENTATIONS = YES;
				CLANG_WARN_DIRECT_OBJC_ISA_USAGE = YES_ERROR;
				CLANG_WARN_DOCUMENTATION_COMMENTS = YES;
				CLANG_WARN_EMPTY_BODY = YES;
				CLANG_WARN_ENUM_CONVERSION = YES;
				CLANG_WARN_INFINITE_RECURSION = YES;
				CLANG_WARN_INT_CONVERSION = YES;
				CLANG_WARN_NON_LITERAL_NULL_CONVERSION = YES;
				CLANG_WARN_OBJC_IMPLICIT_RETAIN_SELF = YES;
				CLANG_WARN_OBJC_LITERAL_CONVERSION = YES;
				CLANG_WARN_OBJC_ROOT_CLASS = YES_ERROR;
				CLANG_WARN_RANGE_LOOP_ANALYSIS = YES;
				CLANG_WARN_STRICT_PROTOTYPES = YES;
				CLANG_WARN_SUSPICIOUS_MOVE = YES;
				CLANG_WARN_UNGUARDED_AVAILABILITY = YES_AGGRESSIVE;
				CLANG_WARN_UNREACHABLE_CODE = YES;
				CLANG_WARN__DUPLICATE_METHOD_MATCH = YES;
				COPY_PHASE_STRIP = NO;
				DEBUG_INFORMATION_FORMAT = dwarf;
				ENABLE_STRICT_OBJC_MSGSEND = YES;
				ENABLE_TESTABILITY = YES;
				GCC_C_LANGUAGE_STANDARD = gnu11;
				GCC_DYNAMIC_NO_PIC = NO;
				GCC_NO_COMMON_BLOCKS = YES;
				GCC_OPTIMIZATION_LEVEL = 0;
				GCC_PREPROCESSOR_DEFINITIONS = (
					"DEBUG=1",
					"$(inherited)",
				);
				GCC_WARN_64_TO_32_BIT_CONVERSION = YES;
				GCC_WARN_ABOUT_RETURN_TYPE = YES_ERROR;
				GCC_WARN_UNDECLARED_SELECTOR = YES;
				GCC_WARN_UNINITIALIZED_AUTOS = YES_AGGRESSIVE;
				GCC_WARN_UNUSED_FUNCTION = YES;
				GCC_WARN_UNUSED_VARIABLE = YES;
				IPHONEOS_DEPLOYMENT_TARGET = 13.5;
				MTL_ENABLE_DEBUG_INFO = INCLUDE_SOURCE;
				MTL_FAST_MATH = YES;
				ONLY_ACTIVE_ARCH = YES;
				SDKROOT = iphoneos;
				SWIFT_ACTIVE_COMPILATION_CONDITIONS = DEBUG;
				SWIFT_OPTIMIZATION_LEVEL = "-Onone";
			};
			name = Debug;
		};
		04278D642522DDA100F39CC6 /* Release */ = {
			isa = XCBuildConfiguration;
			buildSettings = {
				ALWAYS_SEARCH_USER_PATHS = NO;
				CLANG_ANALYZER_NONNULL = YES;
				CLANG_ANALYZER_NUMBER_OBJECT_CONVERSION = YES_AGGRESSIVE;
				CLANG_CXX_LANGUAGE_STANDARD = "gnu++14";
				CLANG_CXX_LIBRARY = "libc++";
				CLANG_ENABLE_MODULES = YES;
				CLANG_ENABLE_OBJC_ARC = YES;
				CLANG_ENABLE_OBJC_WEAK = YES;
				CLANG_WARN_BLOCK_CAPTURE_AUTORELEASING = YES;
				CLANG_WARN_BOOL_CONVERSION = YES;
				CLANG_WARN_COMMA = YES;
				CLANG_WARN_CONSTANT_CONVERSION = YES;
				CLANG_WARN_DEPRECATED_OBJC_IMPLEMENTATIONS = YES;
				CLANG_WARN_DIRECT_OBJC_ISA_USAGE = YES_ERROR;
				CLANG_WARN_DOCUMENTATION_COMMENTS = YES;
				CLANG_WARN_EMPTY_BODY = YES;
				CLANG_WARN_ENUM_CONVERSION = YES;
				CLANG_WARN_INFINITE_RECURSION = YES;
				CLANG_WARN_INT_CONVERSION = YES;
				CLANG_WARN_NON_LITERAL_NULL_CONVERSION = YES;
				CLANG_WARN_OBJC_IMPLICIT_RETAIN_SELF = YES;
				CLANG_WARN_OBJC_LITERAL_CONVERSION = YES;
				CLANG_WARN_OBJC_ROOT_CLASS = YES_ERROR;
				CLANG_WARN_RANGE_LOOP_ANALYSIS = YES;
				CLANG_WARN_STRICT_PROTOTYPES = YES;
				CLANG_WARN_SUSPICIOUS_MOVE = YES;
				CLANG_WARN_UNGUARDED_AVAILABILITY = YES_AGGRESSIVE;
				CLANG_WARN_UNREACHABLE_CODE = YES;
				CLANG_WARN__DUPLICATE_METHOD_MATCH = YES;
				COPY_PHASE_STRIP = NO;
				DEBUG_INFORMATION_FORMAT = "dwarf-with-dsym";
				ENABLE_NS_ASSERTIONS = NO;
				ENABLE_STRICT_OBJC_MSGSEND = YES;
				GCC_C_LANGUAGE_STANDARD = gnu11;
				GCC_NO_COMMON_BLOCKS = YES;
				GCC_WARN_64_TO_32_BIT_CONVERSION = YES;
				GCC_WARN_ABOUT_RETURN_TYPE = YES_ERROR;
				GCC_WARN_UNDECLARED_SELECTOR = YES;
				GCC_WARN_UNINITIALIZED_AUTOS = YES_AGGRESSIVE;
				GCC_WARN_UNUSED_FUNCTION = YES;
				GCC_WARN_UNUSED_VARIABLE = YES;
				IPHONEOS_DEPLOYMENT_TARGET = 13.5;
				MTL_ENABLE_DEBUG_INFO = NO;
				MTL_FAST_MATH = YES;
				SDKROOT = iphoneos;
				SWIFT_COMPILATION_MODE = wholemodule;
				SWIFT_OPTIMIZATION_LEVEL = "-O";
				VALIDATE_PRODUCT = YES;
			};
			name = Release;
		};
		04278D662522DDA100F39CC6 /* Debug */ = {
			isa = XCBuildConfiguration;
			baseConfigurationReference = 2CF8F9EB1C5966AB4A19C769 /* Pods-FilterBottomPopup.debug.xcconfig */;
			buildSettings = {
				ASSETCATALOG_COMPILER_APPICON_NAME = AppIcon;
				CODE_SIGN_STYLE = Automatic;
				INFOPLIST_FILE = FilterBottomPopup/Info.plist;
				LD_RUNPATH_SEARCH_PATHS = (
					"$(inherited)",
					"@executable_path/Frameworks",
				);
				PRODUCT_BUNDLE_IDENTIFIER = com.Ahmedkamal.FilterBottomPopup;
				PRODUCT_NAME = "$(TARGET_NAME)";
				SWIFT_VERSION = 5.0;
				TARGETED_DEVICE_FAMILY = "1,2";
			};
			name = Debug;
		};
		04278D672522DDA100F39CC6 /* Release */ = {
			isa = XCBuildConfiguration;
			baseConfigurationReference = E69C5B03A7D0CD865FA765B4 /* Pods-FilterBottomPopup.release.xcconfig */;
			buildSettings = {
				ASSETCATALOG_COMPILER_APPICON_NAME = AppIcon;
				CODE_SIGN_STYLE = Automatic;
				INFOPLIST_FILE = FilterBottomPopup/Info.plist;
				LD_RUNPATH_SEARCH_PATHS = (
					"$(inherited)",
					"@executable_path/Frameworks",
				);
				PRODUCT_BUNDLE_IDENTIFIER = com.Ahmedkamal.FilterBottomPopup;
				PRODUCT_NAME = "$(TARGET_NAME)";
				SWIFT_VERSION = 5.0;
				TARGETED_DEVICE_FAMILY = "1,2";
			};
			name = Release;
		};
/* End XCBuildConfiguration section */

/* Begin XCConfigurationList section */
		04278D4C2522DDA000F39CC6 /* Build configuration list for PBXProject "FilterBottomPopup" */ = {
			isa = XCConfigurationList;
			buildConfigurations = (
				04278D632522DDA100F39CC6 /* Debug */,
				04278D642522DDA100F39CC6 /* Release */,
			);
			defaultConfigurationIsVisible = 0;
			defaultConfigurationName = Release;
		};
		04278D652522DDA100F39CC6 /* Build configuration list for PBXNativeTarget "FilterBottomPopup" */ = {
			isa = XCConfigurationList;
			buildConfigurations = (
				04278D662522DDA100F39CC6 /* Debug */,
				04278D672522DDA100F39CC6 /* Release */,
			);
			defaultConfigurationIsVisible = 0;
			defaultConfigurationName = Release;
		};
/* End XCConfigurationList section */
	};
	rootObject = 04278D492522DDA000F39CC6 /* Project object */;
}
